# This file is automatically @generated by Cargo.
# It is not intended for manual editing.
[[package]]
name = "hmc"
version = "0.1.1"
source = "git+https://github.com/bluele/hypermint#fc01315bcc382545229308a38f03b1c137e04331"

[[package]]
name = "hmemu"
version = "0.1.0"
dependencies = [
 "hmc 0.1.1 (git+https://github.com/bluele/hypermint)",
]

[metadata]
"checksum hmc 0.1.1 (git+https://github.com/bluele/hypermint)" = "<none>"
