# This file is automatically @generated by Cargo.
# It is not intended for manual editing.
[[package]]
name = "hmc"
version = "0.1.1"
source = "git+https://github.com/bluele/hypermint?branch=develop#aad199e6537452a1e813b319615d22d57117fda3"

[[package]]
name = "hmemu"
version = "0.1.0"
dependencies = [
 "hmc 0.1.1 (git+https://github.com/bluele/hypermint?branch=develop)",
]

[metadata]
"checksum hmc 0.1.1 (git+https://github.com/bluele/hypermint?branch=develop)" = "<none>"
