# This file is automatically @generated by Cargo.
# It is not intended for manual editing.
[[package]]
name = "hmc"
version = "0.1.1"
source = "git+https://github.com/bluele/hypermint?tag=v0.4.1#d25d26b28d862f22902edd289b0d58b4a7931230"

[[package]]
name = "hmemu"
version = "0.1.0"
dependencies = [
 "hmc 0.1.1 (git+https://github.com/bluele/hypermint?tag=v0.4.1)",
]

[metadata]
"checksum hmc 0.1.1 (git+https://github.com/bluele/hypermint?tag=v0.4.1)" = "<none>"
