# This file is automatically @generated by Cargo.
# It is not intended for manual editing.
[[package]]
name = "first"
version = "0.1.0"
dependencies = [
 "hmc 0.1.0 (git+https://github.com/bluele/hypermint?branch=develop)",
 "hmemu 0.1.0",
]

[[package]]
name = "hmc"
version = "0.1.0"
source = "git+https://github.com/bluele/hypermint?branch=develop#6d32a28a6194d17efdfeeb9927974dfe42247b7e"

[[package]]
name = "hmemu"
version = "0.1.0"
dependencies = [
 "hmc 0.1.0 (git+https://github.com/bluele/hypermint?branch=develop)",
]

[metadata]
"checksum hmc 0.1.0 (git+https://github.com/bluele/hypermint?branch=develop)" = "<none>"
