# This file is automatically @generated by Cargo.
# It is not intended for manual editing.
[[package]]
name = "first"
version = "0.1.0"
dependencies = [
 "hmc 0.1.1 (git+https://github.com/bluele/hypermint?tag=v0.3.0)",
 "hmemu 0.1.0",
]

[[package]]
name = "hmc"
version = "0.1.1"
source = "git+https://github.com/bluele/hypermint?tag=v0.3.0#baa8e077e47e3c3a11dd908684d59fe2e211e9bc"

[[package]]
name = "hmemu"
version = "0.1.0"
dependencies = [
 "hmc 0.1.1 (git+https://github.com/bluele/hypermint?tag=v0.3.0)",
]

[metadata]
"checksum hmc 0.1.1 (git+https://github.com/bluele/hypermint?tag=v0.3.0)" = "<none>"
